
Microsoft Visual Studio Solution File, Format Version 12.00
# Visual Studio Version 16
VisualStudioVersion = 16.0.34729.46
MinimumVisualStudioVersion = 10.0.40219.1
Project("{FAE04EC0-301F-11D3-BF4B-00C04F79EFBC}") = "SwapNewProject", "SwapNewProject\SwapNewProject.csproj", "{672272C0-53FA-4FA4-97C3-F232C108EA52}"
EndProject
Global
	GlobalSection(SolutionConfigurationPlatforms) = preSolution
		Debug|Any CPU = Debug|Any CPU
		Release|Any CPU = Release|Any CPU
	EndGlobalSection
	GlobalSection(ProjectConfigurationPlatforms) = postSolution
		{672272C0-53FA-4FA4-97C3-F232C108EA52}.Debug|Any CPU.ActiveCfg = Debug|Any CPU
		{672272C0-53FA-4FA4-97C3-F232C108EA52}.Debug|Any CPU.Build.0 = Debug|Any CPU
		{672272C0-53FA-4FA4-97C3-F232C108EA52}.Release|Any CPU.ActiveCfg = Release|Any CPU
		{672272C0-53FA-4FA4-97C3-F232C108EA52}.Release|Any CPU.Build.0 = Release|Any CPU
	EndGlobalSection
	GlobalSection(SolutionProperties) = preSolution
		HideSolutionNode = FALSE
	EndGlobalSection
	GlobalSection(ExtensibilityGlobals) = postSolution
		SolutionGuid = {140BCDF8-7F6F-41B9-9C42-C10E5E82BEA4}
	EndGlobalSection
EndGlobal
