
Microsoft Visual Studio Solution File, Format Version 12.00
# Visual Studio Version 16
VisualStudioVersion = 16.0.34729.46
MinimumVisualStudioVersion = 10.0.40219.1
Project("{FAE04EC0-301F-11D3-BF4B-00C04F79EFBC}") = "SecondApp", "SecondApp\SecondApp.csproj", "{A3FAD75F-00C0-406E-BA84-730B592F8FF8}"
EndProject
Global
	GlobalSection(SolutionConfigurationPlatforms) = preSolution
		Debug|Any CPU = Debug|Any CPU
		Release|Any CPU = Release|Any CPU
	EndGlobalSection
	GlobalSection(ProjectConfigurationPlatforms) = postSolution
		{A3FAD75F-00C0-406E-BA84-730B592F8FF8}.Debug|Any CPU.ActiveCfg = Debug|Any CPU
		{A3FAD75F-00C0-406E-BA84-730B592F8FF8}.Debug|Any CPU.Build.0 = Debug|Any CPU
		{A3FAD75F-00C0-406E-BA84-730B592F8FF8}.Release|Any CPU.ActiveCfg = Release|Any CPU
		{A3FAD75F-00C0-406E-BA84-730B592F8FF8}.Release|Any CPU.Build.0 = Release|Any CPU
	EndGlobalSection
	GlobalSection(SolutionProperties) = preSolution
		HideSolutionNode = FALSE
	EndGlobalSection
	GlobalSection(ExtensibilityGlobals) = postSolution
		SolutionGuid = {E3B83C3C-8BC2-452C-B482-E7A94605AA99}
	EndGlobalSection
EndGlobal
